// !$*UTF8*$!
{
	archiveVersion = 1;
	classes = {
	};
	objectVersion = 56;
	objects = {

/* Begin PBXBuildFile section */
		44F691B22A7663E400E1D6DC /* AppDelegate.swift in Sources */ = {isa = PBXBuildFile; fileRef = 44F691B12A7663E400E1D6DC /* AppDelegate.swift */; };
		44F691B42A7663E400E1D6DC /* SceneDelegate.swift in Sources */ = {isa = PBXBuildFile; fileRef = 44F691B32A7663E400E1D6DC /* SceneDelegate.swift */; };
		44F691B62A7663E400E1D6DC /* ViewController.swift in Sources */ = {isa = PBXBuildFile; fileRef = 44F691B52A7663E400E1D6DC /* ViewController.swift */; };
		44F691B92A7663E400E1D6DC /* Main.storyboard in Resources */ = {isa = PBXBuildFile; fileRef = 44F691B72A7663E400E1D6DC /* Main.storyboard */; };
		44F691BB2A7663E500E1D6DC /* Assets.xcassets in Resources */ = {isa = PBXBuildFile; fileRef = 44F691BA2A7663E500E1D6DC /* Assets.xcassets */; };
		44F691BE2A7663E500E1D6DC /* LaunchScreen.storyboard in Resources */ = {isa = PBXBuildFile; fileRef = 44F691BC2A7663E500E1D6DC /* LaunchScreen.storyboard */; };
		44F691C92A7663E500E1D6DC /* netflixClone1Tests.swift in Sources */ = {isa = PBXBuildFile; fileRef = 44F691C82A7663E500E1D6DC /* netflixClone1Tests.swift */; };
		44F691D32A7663E500E1D6DC /* netflixClone1UITests.swift in Sources */ = {isa = PBXBuildFile; fileRef = 44F691D22A7663E500E1D6DC /* netflixClone1UITests.swift */; };
		44F691D52A7663E500E1D6DC /* netflixClone1UITestsLaunchTests.swift in Sources */ = {isa = PBXBuildFile; fileRef = 44F691D42A7663E500E1D6DC /* netflixClone1UITestsLaunchTests.swift */; };
/* End PBXBuildFile section */

/* Begin PBXContainerItemProxy section */
		44F691C52A7663E500E1D6DC /* PBXContainerItemProxy */ = {
			isa = PBXContainerItemProxy;
			containerPortal = 44F691A62A7663E400E1D6DC /* Project object */;
			proxyType = 1;
			remoteGlobalIDString = 44F691AD2A7663E400E1D6DC;
			remoteInfo = netflixClone1;
		};
		44F691CF2A7663E500E1D6DC /* PBXContainerItemProxy */ = {
			isa = PBXContainerItemProxy;
			containerPortal = 44F691A62A7663E400E1D6DC /* Project object */;
			proxyType = 1;
			remoteGlobalIDString = 44F691AD2A7663E400E1D6DC;
			remoteInfo = netflixClone1;
		};
/* End PBXContainerItemProxy section */

/* Begin PBXFileReference section */
		44F691AE2A7663E400E1D6DC /* netflixClone1.app */ = {isa = PBXFileReference; explicitFileType = wrapper.application; includeInIndex = 0; path = netflixClone1.app; sourceTree = BUILT_PRODUCTS_DIR; };
		44F691B12A7663E400E1D6DC /* AppDelegate.swift */ = {isa = PBXFileReference; lastKnownFileType = sourcecode.swift; path = AppDelegate.swift; sourceTree = "<group>"; };
		44F691B32A7663E400E1D6DC /* SceneDelegate.swift */ = {isa = PBXFileReference; lastKnownFileType = sourcecode.swift; path = SceneDelegate.swift; sourceTree = "<group>"; };
		44F691B52A7663E400E1D6DC /* ViewController.swift */ = {isa = PBXFileReference; lastKnownFileType = sourcecode.swift; path = ViewController.swift; sourceTree = "<group>"; };
		44F691B82A7663E400E1D6DC /* Base */ = {isa = PBXFileReference; lastKnownFileType = file.storyboard; name = Base; path = Base.lproj/Main.storyboard; sourceTree = "<group>"; };
		44F691BA2A7663E500E1D6DC /* Assets.xcassets */ = {isa = PBXFileReference; lastKnownFileType = folder.assetcatalog; path = Assets.xcassets; sourceTree = "<group>"; };
		44F691BD2A7663E500E1D6DC /* Base */ = {isa = PBXFileReference; lastKnownFileType = file.storyboard; name = Base; path = Base.lproj/LaunchScreen.storyboard; sourceTree = "<group>"; };
		44F691BF2A7663E500E1D6DC /* Info.plist */ = {isa = PBXFileReference; lastKnownFileType = text.plist.xml; path = Info.plist; sourceTree = "<group>"; };
		44F691C42A7663E500E1D6DC /* netflixClone1Tests.xctest */ = {isa = PBXFileReference; explicitFileType = wrapper.cfbundle; includeInIndex = 0; path = netflixClone1Tests.xctest; sourceTree = BUILT_PRODUCTS_DIR; };
		44F691C82A7663E500E1D6DC /* netflixClone1Tests.swift */ = {isa = PBXFileReference; lastKnownFileType = sourcecode.swift; path = netflixClone1Tests.swift; sourceTree = "<group>"; };
		44F691CE2A7663E500E1D6DC /* netflixClone1UITests.xctest */ = {isa = PBXFileReference; explicitFileType = wrapper.cfbundle; includeInIndex = 0; path = netflixClone1UITests.xctest; sourceTree = BUILT_PRODUCTS_DIR; };
		44F691D22A7663E500E1D6DC /* netflixClone1UITests.swift */ = {isa = PBXFileReference; lastKnownFileType = sourcecode.swift; path = netflixClone1UITests.swift; sourceTree = "<group>"; };
		44F691D42A7663E500E1D6DC /* netflixClone1UITestsLaunchTests.swift */ = {isa = PBXFileReference; lastKnownFileType = sourcecode.swift; path = netflixClone1UITestsLaunchTests.swift; sourceTree = "<group>"; };
/* End PBXFileReference section */

/* Begin PBXFrameworksBuildPhase section */
		44F691AB2A7663E400E1D6DC /* Frameworks */ = {
			isa = PBXFrameworksBuildPhase;
			buildActionMask = 2147483647;
			files = (
			);
			runOnlyForDeploymentPostprocessing = 0;
		};
		44F691C12A7663E500E1D6DC /* Frameworks */ = {
			isa = PBXFrameworksBuildPhase;
			buildActionMask = 2147483647;
			files = (
			);
			runOnlyForDeploymentPostprocessing = 0;
		};
		44F691CB2A7663E500E1D6DC /* Frameworks */ = {
			isa = PBXFrameworksBuildPhase;
			buildActionMask = 2147483647;
			files = (
			);
			runOnlyForDeploymentPostprocessing = 0;
		};
/* End PBXFrameworksBuildPhase section */

/* Begin PBXGroup section */
		44F691A52A7663E400E1D6DC = {
			isa = PBXGroup;
			children = (
				44F691B02A7663E400E1D6DC /* netflixClone1 */,
				44F691C72A7663E500E1D6DC /* netflixClone1Tests */,
				44F691D12A7663E500E1D6DC /* netflixClone1UITests */,
				44F691AF2A7663E400E1D6DC /* Products */,
			);
			sourceTree = "<group>";
		};
		44F691AF2A7663E400E1D6DC /* Products */ = {
			isa = PBXGroup;
			children = (
				44F691AE2A7663E400E1D6DC /* netflixClone1.app */,
				44F691C42A7663E500E1D6DC /* netflixClone1Tests.xctest */,
				44F691CE2A7663E500E1D6DC /* netflixClone1UITests.xctest */,
			);
			name = Products;
			sourceTree = "<group>";
		};
		44F691B02A7663E400E1D6DC /* netflixClone1 */ = {
			isa = PBXGroup;
			children = (
				44F691B12A7663E400E1D6DC /* AppDelegate.swift */,
				44F691B32A7663E400E1D6DC /* SceneDelegate.swift */,
				44F691B52A7663E400E1D6DC /* ViewController.swift */,
				44F691B72A7663E400E1D6DC /* Main.storyboard */,
				44F691BA2A7663E500E1D6DC /* Assets.xcassets */,
				44F691BC2A7663E500E1D6DC /* LaunchScreen.storyboard */,
				44F691BF2A7663E500E1D6DC /* Info.plist */,
			);
			path = netflixClone1;
			sourceTree = "<group>";
		};
		44F691C72A7663E500E1D6DC /* netflixClone1Tests */ = {
			isa = PBXGroup;
			children = (
				44F691C82A7663E500E1D6DC /* netflixClone1Tests.swift */,
			);
			path = netflixClone1Tests;
			sourceTree = "<group>";
		};
		44F691D12A7663E500E1D6DC /* netflixClone1UITests */ = {
			isa = PBXGroup;
			children = (
				44F691D22A7663E500E1D6DC /* netflixClone1UITests.swift */,
				44F691D42A7663E500E1D6DC /* netflixClone1UITestsLaunchTests.swift */,
			);
			path = netflixClone1UITests;
			sourceTree = "<group>";
		};
/* End PBXGroup section */

/* Begin PBXNativeTarget section */
		44F691AD2A7663E400E1D6DC /* netflixClone1 */ = {
			isa = PBXNativeTarget;
			buildConfigurationList = 44F691D82A7663E500E1D6DC /* Build configuration list for PBXNativeTarget "netflixClone1" */;
			buildPhases = (
				44F691AA2A7663E400E1D6DC /* Sources */,
				44F691AB2A7663E400E1D6DC /* Frameworks */,
				44F691AC2A7663E400E1D6DC /* Resources */,
			);
			buildRules = (
			);
			dependencies = (
			);
			name = netflixClone1;
			productName = netflixClone1;
			productReference = 44F691AE2A7663E400E1D6DC /* netflixClone1.app */;
			productType = "com.apple.product-type.application";
		};
		44F691C32A7663E500E1D6DC /* netflixClone1Tests */ = {
			isa = PBXNativeTarget;
			buildConfigurationList = 44F691DB2A7663E500E1D6DC /* Build configuration list for PBXNativeTarget "netflixClone1Tests" */;
			buildPhases = (
				44F691C02A7663E500E1D6DC /* Sources */,
				44F691C12A7663E500E1D6DC /* Frameworks */,
				44F691C22A7663E500E1D6DC /* Resources */,
			);
			buildRules = (
			);
			dependencies = (
				44F691C62A7663E500E1D6DC /* PBXTargetDependency */,
			);
			name = netflixClone1Tests;
			productName = netflixClone1Tests;
			productReference = 44F691C42A7663E500E1D6DC /* netflixClone1Tests.xctest */;
			productType = "com.apple.product-type.bundle.unit-test";
		};
		44F691CD2A7663E500E1D6DC /* netflixClone1UITests */ = {
			isa = PBXNativeTarget;
			buildConfigurationList = 44F691DE2A7663E500E1D6DC /* Build configuration list for PBXNativeTarget "netflixClone1UITests" */;
			buildPhases = (
				44F691CA2A7663E500E1D6DC /* Sources */,
				44F691CB2A7663E500E1D6DC /* Frameworks */,
				44F691CC2A7663E500E1D6DC /* Resources */,
			);
			buildRules = (
			);
			dependencies = (
				44F691D02A7663E500E1D6DC /* PBXTargetDependency */,
			);
			name = netflixClone1UITests;
			productName = netflixClone1UITests;
			productReference = 44F691CE2A7663E500E1D6DC /* netflixClone1UITests.xctest */;
			productType = "com.apple.product-type.bundle.ui-testing";
		};
/* End PBXNativeTarget section */

/* Begin PBXProject section */
		44F691A62A7663E400E1D6DC /* Project object */ = {
			isa = PBXProject;
			attributes = {
				BuildIndependentTargetsInParallel = 1;
				LastSwiftUpdateCheck = 1430;
				LastUpgradeCheck = 1430;
				TargetAttributes = {
					44F691AD2A7663E400E1D6DC = {
						CreatedOnToolsVersion = 14.3.1;
					};
					44F691C32A7663E500E1D6DC = {
						CreatedOnToolsVersion = 14.3.1;
						TestTargetID = 44F691AD2A7663E400E1D6DC;
					};
					44F691CD2A7663E500E1D6DC = {
						CreatedOnToolsVersion = 14.3.1;
						TestTargetID = 44F691AD2A7663E400E1D6DC;
					};
				};
			};
			buildConfigurationList = 44F691A92A7663E400E1D6DC /* Build configuration list for PBXProject "netflixClone1" */;
			compatibilityVersion = "Xcode 14.0";
			developmentRegion = en;
			hasScannedForEncodings = 0;
			knownRegions = (
				en,
				Base,
			);
			mainGroup = 44F691A52A7663E400E1D6DC;
			productRefGroup = 44F691AF2A7663E400E1D6DC /* Products */;
			projectDirPath = "";
			projectRoot = "";
			targets = (
				44F691AD2A7663E400E1D6DC /* netflixClone1 */,
				44F691C32A7663E500E1D6DC /* netflixClone1Tests */,
				44F691CD2A7663E500E1D6DC /* netflixClone1UITests */,
			);
		};
/* End PBXProject section */

/* Begin PBXResourcesBuildPhase section */
		44F691AC2A7663E400E1D6DC /* Resources */ = {
			isa = PBXResourcesBuildPhase;
			buildActionMask = 2147483647;
			files = (
				44F691BE2A7663E500E1D6DC /* LaunchScreen.storyboard in Resources */,
				44F691BB2A7663E500E1D6DC /* Assets.xcassets in Resources */,
				44F691B92A7663E400E1D6DC /* Main.storyboard in Resources */,
			);
			runOnlyForDeploymentPostprocessing = 0;
		};
		44F691C22A7663E500E1D6DC /* Resources */ = {
			isa = PBXResourcesBuildPhase;
			buildActionMask = 2147483647;
			files = (
			);
			runOnlyForDeploymentPostprocessing = 0;
		};
		44F691CC2A7663E500E1D6DC /* Resources */ = {
			isa = PBXResourcesBuildPhase;
			buildActionMask = 2147483647;
			files = (
			);
			runOnlyForDeploymentPostprocessing = 0;
		};
/* End PBXResourcesBuildPhase section */

/* Begin PBXSourcesBuildPhase section */
		44F691AA2A7663E400E1D6DC /* Sources */ = {
			isa = PBXSourcesBuildPhase;
			buildActionMask = 2147483647;
			files = (
				44F691B62A7663E400E1D6DC /* ViewController.swift in Sources */,
				44F691B22A7663E400E1D6DC /* AppDelegate.swift in Sources */,
				44F691B42A7663E400E1D6DC /* SceneDelegate.swift in Sources */,
			);
			runOnlyForDeploymentPostprocessing = 0;
		};
		44F691C02A7663E500E1D6DC /* Sources */ = {
			isa = PBXSourcesBuildPhase;
			buildActionMask = 2147483647;
			files = (
				44F691C92A7663E500E1D6DC /* netflixClone1Tests.swift in Sources */,
			);
			runOnlyForDeploymentPostprocessing = 0;
		};
		44F691CA2A7663E500E1D6DC /* Sources */ = {
			isa = PBXSourcesBuildPhase;
			buildActionMask = 2147483647;
			files = (
				44F691D32A7663E500E1D6DC /* netflixClone1UITests.swift in Sources */,
				44F691D52A7663E500E1D6DC /* netflixClone1UITestsLaunchTests.swift in Sources */,
			);
			runOnlyForDeploymentPostprocessing = 0;
		};
/* End PBXSourcesBuildPhase section */

/* Begin PBXTargetDependency section */
		44F691C62A7663E500E1D6DC /* PBXTargetDependency */ = {
			isa = PBXTargetDependency;
			target = 44F691AD2A7663E400E1D6DC /* netflixClone1 */;
			targetProxy = 44F691C52A7663E500E1D6DC /* PBXContainerItemProxy */;
		};
		44F691D02A7663E500E1D6DC /* PBXTargetDependency */ = {
			isa = PBXTargetDependency;
			target = 44F691AD2A7663E400E1D6DC /* netflixClone1 */;
			targetProxy = 44F691CF2A7663E500E1D6DC /* PBXContainerItemProxy */;
		};
/* End PBXTargetDependency section */

/* Begin PBXVariantGroup section */
		44F691B72A7663E400E1D6DC /* Main.storyboard */ = {
			isa = PBXVariantGroup;
			children = (
				44F691B82A7663E400E1D6DC /* Base */,
			);
			name = Main.storyboard;
			sourceTree = "<group>";
		};
		44F691BC2A7663E500E1D6DC /* LaunchScreen.storyboard */ = {
			isa = PBXVariantGroup;
			children = (
				44F691BD2A7663E500E1D6DC /* Base */,
			);
			name = LaunchScreen.storyboard;
			sourceTree = "<group>";
		};
/* End PBXVariantGroup section */

/* Begin XCBuildConfiguration section */
		44F691D62A7663E500E1D6DC /* Debug */ = {
			isa = XCBuildConfiguration;
			buildSettings = {
				ALWAYS_SEARCH_USER_PATHS = NO;
				CLANG_ANALYZER_NONNULL = YES;
				CLANG_ANALYZER_NUMBER_OBJECT_CONVERSION = YES_AGGRESSIVE;
				CLANG_CXX_LANGUAGE_STANDARD = "gnu++20";
				CLANG_ENABLE_MODULES = YES;
				CLANG_ENABLE_OBJC_ARC = YES;
				CLANG_ENABLE_OBJC_WEAK = YES;
				CLANG_WARN_BLOCK_CAPTURE_AUTORELEASING = YES;
				CLANG_WARN_BOOL_CONVERSION = YES;
				CLANG_WARN_COMMA = YES;
				CLANG_WARN_CONSTANT_CONVERSION = YES;
				CLANG_WARN_DEPRECATED_OBJC_IMPLEMENTATIONS = YES;
				CLANG_WARN_DIRECT_OBJC_ISA_USAGE = YES_ERROR;
				CLANG_WARN_DOCUMENTATION_COMMENTS = YES;
				CLANG_WARN_EMPTY_BODY = YES;
				CLANG_WARN_ENUM_CONVERSION = YES;
				CLANG_WARN_INFINITE_RECURSION = YES;
				CLANG_WARN_INT_CONVERSION = YES;
				CLANG_WARN_NON_LITERAL_NULL_CONVERSION = YES;
				CLANG_WARN_OBJC_IMPLICIT_RETAIN_SELF = YES;
				CLANG_WARN_OBJC_LITERAL_CONVERSION = YES;
				CLANG_WARN_OBJC_ROOT_CLASS = YES_ERROR;
				CLANG_WARN_QUOTED_INCLUDE_IN_FRAMEWORK_HEADER = YES;
				CLANG_WARN_RANGE_LOOP_ANALYSIS = YES;
				CLANG_WARN_STRICT_PROTOTYPES = YES;
				CLANG_WARN_SUSPICIOUS_MOVE = YES;
				CLANG_WARN_UNGUARDED_AVAILABILITY = YES_AGGRESSIVE;
				CLANG_WARN_UNREACHABLE_CODE = YES;
				CLANG_WARN__DUPLICATE_METHOD_MATCH = YES;
				COPY_PHASE_STRIP = NO;
				DEBUG_INFORMATION_FORMAT = dwarf;
				ENABLE_STRICT_OBJC_MSGSEND = YES;
				ENABLE_TESTABILITY = YES;
				GCC_C_LANGUAGE_STANDARD = gnu11;
				GCC_DYNAMIC_NO_PIC = NO;
				GCC_NO_COMMON_BLOCKS = YES;
				GCC_OPTIMIZATION_LEVEL = 0;
				GCC_PREPROCESSOR_DEFINITIONS = (
					"DEBUG=1",
					"$(inherited)",
				);
				GCC_WARN_64_TO_32_BIT_CONVERSION = YES;
				GCC_WARN_ABOUT_RETURN_TYPE = YES_ERROR;
				GCC_WARN_UNDECLARED_SELECTOR = YES;
				GCC_WARN_UNINITIALIZED_AUTOS = YES_AGGRESSIVE;
				GCC_WARN_UNUSED_FUNCTION = YES;
				GCC_WARN_UNUSED_VARIABLE = YES;
				IPHONEOS_DEPLOYMENT_TARGET = 16.4;
				MTL_ENABLE_DEBUG_INFO = INCLUDE_SOURCE;
				MTL_FAST_MATH = YES;
				ONLY_ACTIVE_ARCH = YES;
				SDKROOT = iphoneos;
				SWIFT_ACTIVE_COMPILATION_CONDITIONS = DEBUG;
				SWIFT_OPTIMIZATION_LEVEL = "-Onone";
			};
			name = Debug;
		};
		44F691D72A7663E500E1D6DC /* Release */ = {
			isa = XCBuildConfiguration;
			buildSettings = {
				ALWAYS_SEARCH_USER_PATHS = NO;
				CLANG_ANALYZER_NONNULL = YES;
				CLANG_ANALYZER_NUMBER_OBJECT_CONVERSION = YES_AGGRESSIVE;
				CLANG_CXX_LANGUAGE_STANDARD = "gnu++20";
				CLANG_ENABLE_MODULES = YES;
				CLANG_ENABLE_OBJC_ARC = YES;
				CLANG_ENABLE_OBJC_WEAK = YES;
				CLANG_WARN_BLOCK_CAPTURE_AUTORELEASING = YES;
				CLANG_WARN_BOOL_CONVERSION = YES;
				CLANG_WARN_COMMA = YES;
				CLANG_WARN_CONSTANT_CONVERSION = YES;
				CLANG_WARN_DEPRECATED_OBJC_IMPLEMENTATIONS = YES;
				CLANG_WARN_DIRECT_OBJC_ISA_USAGE = YES_ERROR;
				CLANG_WARN_DOCUMENTATION_COMMENTS = YES;
				CLANG_WARN_EMPTY_BODY = YES;
				CLANG_WARN_ENUM_CONVERSION = YES;
				CLANG_WARN_INFINITE_RECURSION = YES;
				CLANG_WARN_INT_CONVERSION = YES;
				CLANG_WARN_NON_LITERAL_NULL_CONVERSION = YES;
				CLANG_WARN_OBJC_IMPLICIT_RETAIN_SELF = YES;
				CLANG_WARN_OBJC_LITERAL_CONVERSION = YES;
				CLANG_WARN_OBJC_ROOT_CLASS = YES_ERROR;
				CLANG_WARN_QUOTED_INCLUDE_IN_FRAMEWORK_HEADER = YES;
				CLANG_WARN_RANGE_LOOP_ANALYSIS = YES;
				CLANG_WARN_STRICT_PROTOTYPES = YES;
				CLANG_WARN_SUSPICIOUS_MOVE = YES;
				CLANG_WARN_UNGUARDED_AVAILABILITY = YES_AGGRESSIVE;
				CLANG_WARN_UNREACHABLE_CODE = YES;
				CLANG_WARN__DUPLICATE_METHOD_MATCH = YES;
				COPY_PHASE_STRIP = NO;
				DEBUG_INFORMATION_FORMAT = "dwarf-with-dsym";
				ENABLE_NS_ASSERTIONS = NO;
				ENABLE_STRICT_OBJC_MSGSEND = YES;
				GCC_C_LANGUAGE_STANDARD = gnu11;
				GCC_NO_COMMON_BLOCKS = YES;
				GCC_WARN_64_TO_32_BIT_CONVERSION = YES;
				GCC_WARN_ABOUT_RETURN_TYPE = YES_ERROR;
				GCC_WARN_UNDECLARED_SELECTOR = YES;
				GCC_WARN_UNINITIALIZED_AUTOS = YES_AGGRESSIVE;
				GCC_WARN_UNUSED_FUNCTION = YES;
				GCC_WARN_UNUSED_VARIABLE = YES;
				IPHONEOS_DEPLOYMENT_TARGET = 16.4;
				MTL_ENABLE_DEBUG_INFO = NO;
				MTL_FAST_MATH = YES;
				SDKROOT = iphoneos;
				SWIFT_COMPILATION_MODE = wholemodule;
				SWIFT_OPTIMIZATION_LEVEL = "-O";
				VALIDATE_PRODUCT = YES;
			};
			name = Release;
		};
		44F691D92A7663E500E1D6DC /* Debug */ = {
			isa = XCBuildConfiguration;
			buildSettings = {
				ASSETCATALOG_COMPILER_APPICON_NAME = AppIcon;
				ASSETCATALOG_COMPILER_GLOBAL_ACCENT_COLOR_NAME = AccentColor;
				CODE_SIGN_STYLE = Automatic;
				CURRENT_PROJECT_VERSION = 1;
				GENERATE_INFOPLIST_FILE = YES;
				INFOPLIST_FILE = netflixClone1/Info.plist;
				INFOPLIST_KEY_UIApplicationSupportsIndirectInputEvents = YES;
				INFOPLIST_KEY_UILaunchStoryboardName = LaunchScreen;
				INFOPLIST_KEY_UIMainStoryboardFile = Main;
				INFOPLIST_KEY_UISupportedInterfaceOrientations_iPad = "UIInterfaceOrientationPortrait UIInterfaceOrientationPortraitUpsideDown UIInterfaceOrientationLandscapeLeft UIInterfaceOrientationLandscapeRight";
				INFOPLIST_KEY_UISupportedInterfaceOrientations_iPhone = "UIInterfaceOrientationPortrait UIInterfaceOrientationLandscapeLeft UIInterfaceOrientationLandscapeRight";
				LD_RUNPATH_SEARCH_PATHS = (
					"$(inherited)",
					"@executable_path/Frameworks",
				);
				MARKETING_VERSION = 1.0;
				PRODUCT_BUNDLE_IDENTIFIER = com.netflixClone1;
				PRODUCT_NAME = "$(TARGET_NAME)";
				SWIFT_EMIT_LOC_STRINGS = YES;
				SWIFT_VERSION = 5.0;
				TARGETED_DEVICE_FAMILY = "1,2";
			};
			name = Debug;
		};
		44F691DA2A7663E500E1D6DC /* Release */ = {
			isa = XCBuildConfiguration;
			buildSettings = {
				ASSETCATALOG_COMPILER_APPICON_NAME = AppIcon;
				ASSETCATALOG_COMPILER_GLOBAL_ACCENT_COLOR_NAME = AccentColor;
				CODE_SIGN_STYLE = Automatic;
				CURRENT_PROJECT_VERSION = 1;
				GENERATE_INFOPLIST_FILE = YES;
				INFOPLIST_FILE = netflixClone1/Info.plist;
				INFOPLIST_KEY_UIApplicationSupportsIndirectInputEvents = YES;
				INFOPLIST_KEY_UILaunchStoryboardName = LaunchScreen;
				INFOPLIST_KEY_UIMainStoryboardFile = Main;
				INFOPLIST_KEY_UISupportedInterfaceOrientations_iPad = "UIInterfaceOrientationPortrait UIInterfaceOrientationPortraitUpsideDown UIInterfaceOrientationLandscapeLeft UIInterfaceOrientationLandscapeRight";
				INFOPLIST_KEY_UISupportedInterfaceOrientations_iPhone = "UIInterfaceOrientationPortrait UIInterfaceOrientationLandscapeLeft UIInterfaceOrientationLandscapeRight";
				LD_RUNPATH_SEARCH_PATHS = (
					"$(inherited)",
					"@executable_path/Frameworks",
				);
				MARKETING_VERSION = 1.0;
				PRODUCT_BUNDLE_IDENTIFIER = com.netflixClone1;
				PRODUCT_NAME = "$(TARGET_NAME)";
				SWIFT_EMIT_LOC_STRINGS = YES;
				SWIFT_VERSION = 5.0;
				TARGETED_DEVICE_FAMILY = "1,2";
			};
			name = Release;
		};
		44F691DC2A7663E500E1D6DC /* Debug */ = {
			isa = XCBuildConfiguration;
			buildSettings = {
				ALWAYS_EMBED_SWIFT_STANDARD_LIBRARIES = YES;
				BUNDLE_LOADER = "$(TEST_HOST)";
				CODE_SIGN_STYLE = Automatic;
				CURRENT_PROJECT_VERSION = 1;
				GENERATE_INFOPLIST_FILE = YES;
				IPHONEOS_DEPLOYMENT_TARGET = 16.4;
				MARKETING_VERSION = 1.0;
				PRODUCT_BUNDLE_IDENTIFIER = com.netflixClone1Tests;
				PRODUCT_NAME = "$(TARGET_NAME)";
				SWIFT_EMIT_LOC_STRINGS = NO;
				SWIFT_VERSION = 5.0;
				TARGETED_DEVICE_FAMILY = "1,2";
				TEST_HOST = "$(BUILT_PRODUCTS_DIR)/netflixClone1.app/$(BUNDLE_EXECUTABLE_FOLDER_PATH)/netflixClone1";
			};
			name = Debug;
		};
		44F691DD2A7663E500E1D6DC /* Release */ = {
			isa = XCBuildConfiguration;
			buildSettings = {
				ALWAYS_EMBED_SWIFT_STANDARD_LIBRARIES = YES;
				BUNDLE_LOADER = "$(TEST_HOST)";
				CODE_SIGN_STYLE = Automatic;
				CURRENT_PROJECT_VERSION = 1;
				GENERATE_INFOPLIST_FILE = YES;
				IPHONEOS_DEPLOYMENT_TARGET = 16.4;
				MARKETING_VERSION = 1.0;
				PRODUCT_BUNDLE_IDENTIFIER = com.netflixClone1Tests;
				PRODUCT_NAME = "$(TARGET_NAME)";
				SWIFT_EMIT_LOC_STRINGS = NO;
				SWIFT_VERSION = 5.0;
				TARGETED_DEVICE_FAMILY = "1,2";
				TEST_HOST = "$(BUILT_PRODUCTS_DIR)/netflixClone1.app/$(BUNDLE_EXECUTABLE_FOLDER_PATH)/netflixClone1";
			};
			name = Release;
		};
		44F691DF2A7663E500E1D6DC /* Debug */ = {
			isa = XCBuildConfiguration;
			buildSettings = {
				ALWAYS_EMBED_SWIFT_STANDARD_LIBRARIES = YES;
				CODE_SIGN_STYLE = Automatic;
				CURRENT_PROJECT_VERSION = 1;
				GENERATE_INFOPLIST_FILE = YES;
				MARKETING_VERSION = 1.0;
				PRODUCT_BUNDLE_IDENTIFIER = com.netflixClone1UITests;
				PRODUCT_NAME = "$(TARGET_NAME)";
				SWIFT_EMIT_LOC_STRINGS = NO;
				SWIFT_VERSION = 5.0;
				TARGETED_DEVICE_FAMILY = "1,2";
				TEST_TARGET_NAME = netflixClone1;
			};
			name = Debug;
		};
		44F691E02A7663E500E1D6DC /* Release */ = {
			isa = XCBuildConfiguration;
			buildSettings = {
				ALWAYS_EMBED_SWIFT_STANDARD_LIBRARIES = YES;
				CODE_SIGN_STYLE = Automatic;
				CURRENT_PROJECT_VERSION = 1;
				GENERATE_INFOPLIST_FILE = YES;
				MARKETING_VERSION = 1.0;
				PRODUCT_BUNDLE_IDENTIFIER = com.netflixClone1UITests;
				PRODUCT_NAME = "$(TARGET_NAME)";
				SWIFT_EMIT_LOC_STRINGS = NO;
				SWIFT_VERSION = 5.0;
				TARGETED_DEVICE_FAMILY = "1,2";
				TEST_TARGET_NAME = netflixClone1;
			};
			name = Release;
		};
/* End XCBuildConfiguration section */

/* Begin XCConfigurationList section */
		44F691A92A7663E400E1D6DC /* Build configuration list for PBXProject "netflixClone1" */ = {
			isa = XCConfigurationList;
			buildConfigurations = (
				44F691D62A7663E500E1D6DC /* Debug */,
				44F691D72A7663E500E1D6DC /* Release */,
			);
			defaultConfigurationIsVisible = 0;
			defaultConfigurationName = Release;
		};
		44F691D82A7663E500E1D6DC /* Build configuration list for PBXNativeTarget "netflixClone1" */ = {
			isa = XCConfigurationList;
			buildConfigurations = (
				44F691D92A7663E500E1D6DC /* Debug */,
				44F691DA2A7663E500E1D6DC /* Release */,
			);
			defaultConfigurationIsVisible = 0;
			defaultConfigurationName = Release;
		};
		44F691DB2A7663E500E1D6DC /* Build configuration list for PBXNativeTarget "netflixClone1Tests" */ = {
			isa = XCConfigurationList;
			buildConfigurations = (
				44F691DC2A7663E500E1D6DC /* Debug */,
				44F691DD2A7663E500E1D6DC /* Release */,
			);
			defaultConfigurationIsVisible = 0;
			defaultConfigurationName = Release;
		};
		44F691DE2A7663E500E1D6DC /* Build configuration list for PBXNativeTarget "netflixClone1UITests" */ = {
			isa = XCConfigurationList;
			buildConfigurations = (
				44F691DF2A7663E500E1D6DC /* Debug */,
				44F691E02A7663E500E1D6DC /* Release */,
			);
			defaultConfigurationIsVisible = 0;
			defaultConfigurationName = Release;
		};
/* End XCConfigurationList section */
	};
	rootObject = 44F691A62A7663E400E1D6DC /* Project object */;
}
